
Microsoft Visual Studio Solution File, Format Version 12.00
# Visual Studio 15
VisualStudioVersion = 15.0.26124.0
MinimumVisualStudioVersion = 15.0.26124.0
Project("{2150E333-8FDC-42A3-9474-1A3956D46DE8}") = "src", "src", "{2F5C8F82-DED0-420F-BE40-9648B0815665}"
EndProject
Project("{2150E333-8FDC-42A3-9474-1A3956D46DE8}") = "Domain", "Domain", "{A0748A5B-AB26-4C28-8DFC-BE9F3A1F9914}"
EndProject
Project("{FAE04EC0-301F-11D3-BF4B-00C04F79EFBC}") = "SimUDuck", "src\Domain\SimUDuck\SimUDuck.csproj", "{E48DC981-1766-4ABB-BB6C-0834E8D1286D}"
EndProject
Project("{2150E333-8FDC-42A3-9474-1A3956D46DE8}") = "test", "test", "{93E48729-DEFB-4C44-B809-36137D973B6A}"
EndProject
Project("{2150E333-8FDC-42A3-9474-1A3956D46DE8}") = "Domain", "Domain", "{1D2EE1CC-C219-497E-9429-EF9FAE272E70}"
EndProject
Project("{FAE04EC0-301F-11D3-BF4B-00C04F79EFBC}") = "SimUDuck.Tests", "test\Domain\SimUDuck.Tests\SimUDuck.Tests.csproj", "{03591149-DC10-4705-AFA5-121707F4B6DD}"
EndProject
Project("{2150E333-8FDC-42A3-9474-1A3956D46DE8}") = "Application", "Application", "{157889B4-233D-4911-83A5-95FB30BBBD80}"
EndProject
Project("{FAE04EC0-301F-11D3-BF4B-00C04F79EFBC}") = "LearnDesignPatterns.Api", "src\Application\LearnDesignPatterns.Api\LearnDesignPatterns.Api.csproj", "{012E88DF-D40C-4D26-8097-18DA97462A01}"
EndProject
Global
	GlobalSection(SolutionConfigurationPlatforms) = preSolution
		Debug|Any CPU = Debug|Any CPU
		Debug|x64 = Debug|x64
		Debug|x86 = Debug|x86
		Release|Any CPU = Release|Any CPU
		Release|x64 = Release|x64
		Release|x86 = Release|x86
	EndGlobalSection
	GlobalSection(SolutionProperties) = preSolution
		HideSolutionNode = FALSE
	EndGlobalSection
	GlobalSection(ProjectConfigurationPlatforms) = postSolution
		{708191EF-B350-4C30-8851-FD7CCE2B490F}.Debug|Any CPU.ActiveCfg = Debug|Any CPU
		{708191EF-B350-4C30-8851-FD7CCE2B490F}.Debug|Any CPU.Build.0 = Debug|Any CPU
		{708191EF-B350-4C30-8851-FD7CCE2B490F}.Debug|x64.ActiveCfg = Debug|Any CPU
		{708191EF-B350-4C30-8851-FD7CCE2B490F}.Debug|x64.Build.0 = Debug|Any CPU
		{708191EF-B350-4C30-8851-FD7CCE2B490F}.Debug|x86.ActiveCfg = Debug|Any CPU
		{708191EF-B350-4C30-8851-FD7CCE2B490F}.Debug|x86.Build.0 = Debug|Any CPU
		{708191EF-B350-4C30-8851-FD7CCE2B490F}.Release|Any CPU.ActiveCfg = Release|Any CPU
		{708191EF-B350-4C30-8851-FD7CCE2B490F}.Release|Any CPU.Build.0 = Release|Any CPU
		{708191EF-B350-4C30-8851-FD7CCE2B490F}.Release|x64.ActiveCfg = Release|Any CPU
		{708191EF-B350-4C30-8851-FD7CCE2B490F}.Release|x64.Build.0 = Release|Any CPU
		{708191EF-B350-4C30-8851-FD7CCE2B490F}.Release|x86.ActiveCfg = Release|Any CPU
		{708191EF-B350-4C30-8851-FD7CCE2B490F}.Release|x86.Build.0 = Release|Any CPU
		{F936FF7E-9BC1-40E1-B78B-D041D417E90A}.Debug|Any CPU.ActiveCfg = Debug|Any CPU
		{F936FF7E-9BC1-40E1-B78B-D041D417E90A}.Debug|Any CPU.Build.0 = Debug|Any CPU
		{F936FF7E-9BC1-40E1-B78B-D041D417E90A}.Debug|x64.ActiveCfg = Debug|Any CPU
		{F936FF7E-9BC1-40E1-B78B-D041D417E90A}.Debug|x64.Build.0 = Debug|Any CPU
		{F936FF7E-9BC1-40E1-B78B-D041D417E90A}.Debug|x86.ActiveCfg = Debug|Any CPU
		{F936FF7E-9BC1-40E1-B78B-D041D417E90A}.Debug|x86.Build.0 = Debug|Any CPU
		{F936FF7E-9BC1-40E1-B78B-D041D417E90A}.Release|Any CPU.ActiveCfg = Release|Any CPU
		{F936FF7E-9BC1-40E1-B78B-D041D417E90A}.Release|Any CPU.Build.0 = Release|Any CPU
		{F936FF7E-9BC1-40E1-B78B-D041D417E90A}.Release|x64.ActiveCfg = Release|Any CPU
		{F936FF7E-9BC1-40E1-B78B-D041D417E90A}.Release|x64.Build.0 = Release|Any CPU
		{F936FF7E-9BC1-40E1-B78B-D041D417E90A}.Release|x86.ActiveCfg = Release|Any CPU
		{F936FF7E-9BC1-40E1-B78B-D041D417E90A}.Release|x86.Build.0 = Release|Any CPU
		{E48DC981-1766-4ABB-BB6C-0834E8D1286D}.Debug|Any CPU.ActiveCfg = Debug|Any CPU
		{E48DC981-1766-4ABB-BB6C-0834E8D1286D}.Debug|Any CPU.Build.0 = Debug|Any CPU
		{E48DC981-1766-4ABB-BB6C-0834E8D1286D}.Debug|x64.ActiveCfg = Debug|Any CPU
		{E48DC981-1766-4ABB-BB6C-0834E8D1286D}.Debug|x64.Build.0 = Debug|Any CPU
		{E48DC981-1766-4ABB-BB6C-0834E8D1286D}.Debug|x86.ActiveCfg = Debug|Any CPU
		{E48DC981-1766-4ABB-BB6C-0834E8D1286D}.Debug|x86.Build.0 = Debug|Any CPU
		{E48DC981-1766-4ABB-BB6C-0834E8D1286D}.Release|Any CPU.ActiveCfg = Release|Any CPU
		{E48DC981-1766-4ABB-BB6C-0834E8D1286D}.Release|Any CPU.Build.0 = Release|Any CPU
		{E48DC981-1766-4ABB-BB6C-0834E8D1286D}.Release|x64.ActiveCfg = Release|Any CPU
		{E48DC981-1766-4ABB-BB6C-0834E8D1286D}.Release|x64.Build.0 = Release|Any CPU
		{E48DC981-1766-4ABB-BB6C-0834E8D1286D}.Release|x86.ActiveCfg = Release|Any CPU
		{E48DC981-1766-4ABB-BB6C-0834E8D1286D}.Release|x86.Build.0 = Release|Any CPU
		{03591149-DC10-4705-AFA5-121707F4B6DD}.Debug|Any CPU.ActiveCfg = Debug|Any CPU
		{03591149-DC10-4705-AFA5-121707F4B6DD}.Debug|Any CPU.Build.0 = Debug|Any CPU
		{03591149-DC10-4705-AFA5-121707F4B6DD}.Debug|x64.ActiveCfg = Debug|Any CPU
		{03591149-DC10-4705-AFA5-121707F4B6DD}.Debug|x64.Build.0 = Debug|Any CPU
		{03591149-DC10-4705-AFA5-121707F4B6DD}.Debug|x86.ActiveCfg = Debug|Any CPU
		{03591149-DC10-4705-AFA5-121707F4B6DD}.Debug|x86.Build.0 = Debug|Any CPU
		{03591149-DC10-4705-AFA5-121707F4B6DD}.Release|Any CPU.ActiveCfg = Release|Any CPU
		{03591149-DC10-4705-AFA5-121707F4B6DD}.Release|Any CPU.Build.0 = Release|Any CPU
		{03591149-DC10-4705-AFA5-121707F4B6DD}.Release|x64.ActiveCfg = Release|Any CPU
		{03591149-DC10-4705-AFA5-121707F4B6DD}.Release|x64.Build.0 = Release|Any CPU
		{03591149-DC10-4705-AFA5-121707F4B6DD}.Release|x86.ActiveCfg = Release|Any CPU
		{03591149-DC10-4705-AFA5-121707F4B6DD}.Release|x86.Build.0 = Release|Any CPU
		{012E88DF-D40C-4D26-8097-18DA97462A01}.Debug|Any CPU.ActiveCfg = Debug|Any CPU
		{012E88DF-D40C-4D26-8097-18DA97462A01}.Debug|Any CPU.Build.0 = Debug|Any CPU
		{012E88DF-D40C-4D26-8097-18DA97462A01}.Debug|x64.ActiveCfg = Debug|Any CPU
		{012E88DF-D40C-4D26-8097-18DA97462A01}.Debug|x64.Build.0 = Debug|Any CPU
		{012E88DF-D40C-4D26-8097-18DA97462A01}.Debug|x86.ActiveCfg = Debug|Any CPU
		{012E88DF-D40C-4D26-8097-18DA97462A01}.Debug|x86.Build.0 = Debug|Any CPU
		{012E88DF-D40C-4D26-8097-18DA97462A01}.Release|Any CPU.ActiveCfg = Release|Any CPU
		{012E88DF-D40C-4D26-8097-18DA97462A01}.Release|Any CPU.Build.0 = Release|Any CPU
		{012E88DF-D40C-4D26-8097-18DA97462A01}.Release|x64.ActiveCfg = Release|Any CPU
		{012E88DF-D40C-4D26-8097-18DA97462A01}.Release|x64.Build.0 = Release|Any CPU
		{012E88DF-D40C-4D26-8097-18DA97462A01}.Release|x86.ActiveCfg = Release|Any CPU
		{012E88DF-D40C-4D26-8097-18DA97462A01}.Release|x86.Build.0 = Release|Any CPU
	EndGlobalSection
	GlobalSection(NestedProjects) = preSolution
		{A0748A5B-AB26-4C28-8DFC-BE9F3A1F9914} = {2F5C8F82-DED0-420F-BE40-9648B0815665}
		{E48DC981-1766-4ABB-BB6C-0834E8D1286D} = {A0748A5B-AB26-4C28-8DFC-BE9F3A1F9914}
		{1D2EE1CC-C219-497E-9429-EF9FAE272E70} = {93E48729-DEFB-4C44-B809-36137D973B6A}
		{03591149-DC10-4705-AFA5-121707F4B6DD} = {1D2EE1CC-C219-497E-9429-EF9FAE272E70}
		{157889B4-233D-4911-83A5-95FB30BBBD80} = {2F5C8F82-DED0-420F-BE40-9648B0815665}
		{012E88DF-D40C-4D26-8097-18DA97462A01} = {157889B4-233D-4911-83A5-95FB30BBBD80}
	EndGlobalSection
EndGlobal
